{
  "version": 1,
  "dependencies": {
    "net10.0": {
      "Confluent.Kafka": {
        "type": "Direct",
        "requested": "[2.12.0, )",
        "resolved": "2.12.0",
        "contentHash": "UAiz9Xogy9Xqo6Y1ogKesH0tzk03ilw5UmwkVMFqZXQvf/1vFyTyVbzed22xS231UP43Z2aib6hzgruErM74lw==",
        "dependencies": {
          "librdkafka.redist": "2.12.0"
        }
      },
      "librdkafka.redist": {
        "type": "Transitive",
        "resolved": "2.12.0",
        "contentHash": "CZpY6RW/RVWtVUiwHIQCWHeyXHjt1cSlwdxJapx1jlr3z3T1Jwk/RdtEo2FyRL6PvELDO4NhZvaWs6BXdwCVDw=="
      }
    }
  }
}